
Microsoft Visual Studio Solution File, Format Version 12.00
# Visual Studio Version 17
VisualStudioVersion = 17.5.33627.172
MinimumVisualStudioVersion = 10.0.40219.1
Project("{9A19103F-16F7-4668-BE54-9A1E7A4F7556}") = "StudentGradeSystem", "StudentGradeSyteam\StudentGradeSystem.csproj", "{6C2CE5E3-E8B0-4A3E-90AE-F325092EB0E4}"
EndProject
Project("{FAE04EC0-301F-11D3-BF4B-00C04F79EFBC}") = "成绩可视化分析", "成绩可视化分析\成绩可视化分析.csproj", "{A72E8341-DEF0-4E90-8BBC-9D6331E90778}"
EndProject
Global
	GlobalSection(SolutionConfigurationPlatforms) = preSolution
		Debug|Any CPU = Debug|Any CPU
		Release|Any CPU = Release|Any CPU
	EndGlobalSection
	GlobalSection(ProjectConfigurationPlatforms) = postSolution
		{6C2CE5E3-E8B0-4A3E-90AE-F325092EB0E4}.Debug|Any CPU.ActiveCfg = Debug|Any CPU
		{6C2CE5E3-E8B0-4A3E-90AE-F325092EB0E4}.Debug|Any CPU.Build.0 = Debug|Any CPU
		{6C2CE5E3-E8B0-4A3E-90AE-F325092EB0E4}.Release|Any CPU.ActiveCfg = Release|Any CPU
		{6C2CE5E3-E8B0-4A3E-90AE-F325092EB0E4}.Release|Any CPU.Build.0 = Release|Any CPU
		{A72E8341-DEF0-4E90-8BBC-9D6331E90778}.Debug|Any CPU.ActiveCfg = Debug|Any CPU
		{A72E8341-DEF0-4E90-8BBC-9D6331E90778}.Debug|Any CPU.Build.0 = Debug|Any CPU
		{A72E8341-DEF0-4E90-8BBC-9D6331E90778}.Release|Any CPU.ActiveCfg = Release|Any CPU
		{A72E8341-DEF0-4E90-8BBC-9D6331E90778}.Release|Any CPU.Build.0 = Release|Any CPU
	EndGlobalSection
	GlobalSection(SolutionProperties) = preSolution
		HideSolutionNode = FALSE
	EndGlobalSection
	GlobalSection(ExtensibilityGlobals) = postSolution
		SolutionGuid = {941DB006-CDE1-4B17-A9C7-91C3CBF40BD0}
	EndGlobalSection
EndGlobal
