
Microsoft Visual Studio Solution File, Format Version 12.00
# Visual Studio Version 17
VisualStudioVersion = 17.5.33627.172
MinimumVisualStudioVersion = 10.0.40219.1
Project("{FAE04EC0-301F-11D3-BF4B-00C04F79EFBC}") = "构造函数矩形计算", "构造函数矩形计算\构造函数矩形计算.csproj", "{5071381F-393B-4C21-BFD1-E8E1E61F9ECA}"
EndProject
Global
	GlobalSection(SolutionConfigurationPlatforms) = preSolution
		Debug|Any CPU = Debug|Any CPU
		Release|Any CPU = Release|Any CPU
	EndGlobalSection
	GlobalSection(ProjectConfigurationPlatforms) = postSolution
		{5071381F-393B-4C21-BFD1-E8E1E61F9ECA}.Debug|Any CPU.ActiveCfg = Debug|Any CPU
		{5071381F-393B-4C21-BFD1-E8E1E61F9ECA}.Debug|Any CPU.Build.0 = Debug|Any CPU
		{5071381F-393B-4C21-BFD1-E8E1E61F9ECA}.Release|Any CPU.ActiveCfg = Release|Any CPU
		{5071381F-393B-4C21-BFD1-E8E1E61F9ECA}.Release|Any CPU.Build.0 = Release|Any CPU
	EndGlobalSection
	GlobalSection(SolutionProperties) = preSolution
		HideSolutionNode = FALSE
	EndGlobalSection
	GlobalSection(ExtensibilityGlobals) = postSolution
		SolutionGuid = {DB8F77B4-426D-465D-9D2D-E78832988590}
	EndGlobalSection
EndGlobal
